# This file is automatically @generated by Cargo.
# It is not intended for manual editing.
version = 4

[[package]]
name = "app"
version = "0.1.0"
dependencies = [
 "config",
 "infra",
 "kernel",
 "llm",
 "logger",
 "news_fetch",
 "notifier",
 "shared",
]

[[package]]
name = "config"
version = "0.1.0"

[[package]]
name = "infra"
version = "0.1.0"

[[package]]
name = "kernel"
version = "0.1.0"

[[package]]
name = "llm"
version = "0.1.0"

[[package]]
name = "logger"
version = "0.1.0"

[[package]]
name = "news_fetch"
version = "0.1.0"

[[package]]
name = "notifier"
version = "0.1.0"

[[package]]
name = "shared"
version = "0.1.0"
